
Microsoft Visual Studio Solution File, Format Version 12.00
# Visual Studio Version 17
VisualStudioVersion = 17.8.34322.80
MinimumVisualStudioVersion = 10.0.40219.1
Project("{2150E333-8FDC-42A3-9474-1A3956D46DE8}") = "Domain", "Domain", "{2D309BE8-0A34-47A9-B007-D4563098BC14}"
EndProject
Project("{2150E333-8FDC-42A3-9474-1A3956D46DE8}") = "Presentation", "Presentation", "{7570F951-64BA-4DBF-81CA-F334B0B487EE}"
EndProject
Project("{2150E333-8FDC-42A3-9474-1A3956D46DE8}") = "Infrastructure", "Infrastructure", "{01366835-0B3A-428F-91B4-62A18637263E}"
EndProject
Project("{9A19103F-16F7-4668-BE54-9A1E7A4F7556}") = "Domain.Core", "Domain\Domain.Core\Domain.Core.csproj", "{9DAAD6FB-0E8C-4D6B-AF88-0B0C91E2F867}"
EndProject
Project("{2150E333-8FDC-42A3-9474-1A3956D46DE8}") = "Microservices", "Microservices", "{CF72BED7-3EAB-4535-8312-E67B0BF2512A}"
EndProject
Project("{FAE04EC0-301F-11D3-BF4B-00C04F79EFBC}") = "Infrastructure.Bus", "Infrastructure\Infrastructure.Bus\Infrastructure.Bus.csproj", "{6B037E71-EE38-4BF6-9B26-E47765241329}"
EndProject
Project("{FAE04EC0-301F-11D3-BF4B-00C04F79EFBC}") = "Infrastructure.Ioc", "Infrastructure.Ioc\Infrastructure.Ioc.csproj", "{AFD147B7-5188-4AD4-93E5-BED49CB1766B}"
EndProject
Project("{2150E333-8FDC-42A3-9474-1A3956D46DE8}") = "Api", "Api", "{734499F9-96FE-4E13-B5E7-5B6C2C0E9FF4}"
EndProject
Project("{2150E333-8FDC-42A3-9474-1A3956D46DE8}") = "Application", "Application", "{F79184C1-BFEB-4D61-AB8F-807B0A400BBD}"
EndProject
Project("{2150E333-8FDC-42A3-9474-1A3956D46DE8}") = "Data", "Data", "{FA1DB3D9-2F5E-4667-B744-C930C9F08687}"
EndProject
Project("{2150E333-8FDC-42A3-9474-1A3956D46DE8}") = "Domain", "Domain", "{E2D900C2-1786-4B82-95FB-456A2E26794E}"
EndProject
Project("{FAE04EC0-301F-11D3-BF4B-00C04F79EFBC}") = "Microservices.Api.Banking", "Microservices\Api\Microservices.Api.Banking\Microservices.Api.Banking.csproj", "{3BAD063C-151E-47C8-8790-85DF4E738AA6}"
EndProject
Project("{FAE04EC0-301F-11D3-BF4B-00C04F79EFBC}") = "Banking.Application", "Microservices\Application\Banking.Application\Banking.Application.csproj", "{57C14C80-65B7-4258-BA00-70B079408B56}"
EndProject
Project("{FAE04EC0-301F-11D3-BF4B-00C04F79EFBC}") = "Banking.Data", "Microservices\Data\Banking.Data\Banking.Data.csproj", "{59D2B810-4DAD-44AF-BF7A-E35B48599311}"
EndProject
Project("{FAE04EC0-301F-11D3-BF4B-00C04F79EFBC}") = "Banking.Domain", "Microservices\Domain\Banking.Domain\Banking.Domain.csproj", "{0E2C5FF9-E247-435E-80A9-2803435739E8}"
EndProject
Global
	GlobalSection(SolutionConfigurationPlatforms) = preSolution
		Debug|Any CPU = Debug|Any CPU
		Release|Any CPU = Release|Any CPU
	EndGlobalSection
	GlobalSection(ProjectConfigurationPlatforms) = postSolution
		{9DAAD6FB-0E8C-4D6B-AF88-0B0C91E2F867}.Debug|Any CPU.ActiveCfg = Debug|Any CPU
		{9DAAD6FB-0E8C-4D6B-AF88-0B0C91E2F867}.Debug|Any CPU.Build.0 = Debug|Any CPU
		{9DAAD6FB-0E8C-4D6B-AF88-0B0C91E2F867}.Release|Any CPU.ActiveCfg = Release|Any CPU
		{9DAAD6FB-0E8C-4D6B-AF88-0B0C91E2F867}.Release|Any CPU.Build.0 = Release|Any CPU
		{6B037E71-EE38-4BF6-9B26-E47765241329}.Debug|Any CPU.ActiveCfg = Debug|Any CPU
		{6B037E71-EE38-4BF6-9B26-E47765241329}.Debug|Any CPU.Build.0 = Debug|Any CPU
		{6B037E71-EE38-4BF6-9B26-E47765241329}.Release|Any CPU.ActiveCfg = Release|Any CPU
		{6B037E71-EE38-4BF6-9B26-E47765241329}.Release|Any CPU.Build.0 = Release|Any CPU
		{AFD147B7-5188-4AD4-93E5-BED49CB1766B}.Debug|Any CPU.ActiveCfg = Debug|Any CPU
		{AFD147B7-5188-4AD4-93E5-BED49CB1766B}.Debug|Any CPU.Build.0 = Debug|Any CPU
		{AFD147B7-5188-4AD4-93E5-BED49CB1766B}.Release|Any CPU.ActiveCfg = Release|Any CPU
		{AFD147B7-5188-4AD4-93E5-BED49CB1766B}.Release|Any CPU.Build.0 = Release|Any CPU
		{3BAD063C-151E-47C8-8790-85DF4E738AA6}.Debug|Any CPU.ActiveCfg = Debug|Any CPU
		{3BAD063C-151E-47C8-8790-85DF4E738AA6}.Debug|Any CPU.Build.0 = Debug|Any CPU
		{3BAD063C-151E-47C8-8790-85DF4E738AA6}.Release|Any CPU.ActiveCfg = Release|Any CPU
		{3BAD063C-151E-47C8-8790-85DF4E738AA6}.Release|Any CPU.Build.0 = Release|Any CPU
		{57C14C80-65B7-4258-BA00-70B079408B56}.Debug|Any CPU.ActiveCfg = Debug|Any CPU
		{57C14C80-65B7-4258-BA00-70B079408B56}.Debug|Any CPU.Build.0 = Debug|Any CPU
		{57C14C80-65B7-4258-BA00-70B079408B56}.Release|Any CPU.ActiveCfg = Release|Any CPU
		{57C14C80-65B7-4258-BA00-70B079408B56}.Release|Any CPU.Build.0 = Release|Any CPU
		{59D2B810-4DAD-44AF-BF7A-E35B48599311}.Debug|Any CPU.ActiveCfg = Debug|Any CPU
		{59D2B810-4DAD-44AF-BF7A-E35B48599311}.Debug|Any CPU.Build.0 = Debug|Any CPU
		{59D2B810-4DAD-44AF-BF7A-E35B48599311}.Release|Any CPU.ActiveCfg = Release|Any CPU
		{59D2B810-4DAD-44AF-BF7A-E35B48599311}.Release|Any CPU.Build.0 = Release|Any CPU
		{0E2C5FF9-E247-435E-80A9-2803435739E8}.Debug|Any CPU.ActiveCfg = Debug|Any CPU
		{0E2C5FF9-E247-435E-80A9-2803435739E8}.Debug|Any CPU.Build.0 = Debug|Any CPU
		{0E2C5FF9-E247-435E-80A9-2803435739E8}.Release|Any CPU.ActiveCfg = Release|Any CPU
		{0E2C5FF9-E247-435E-80A9-2803435739E8}.Release|Any CPU.Build.0 = Release|Any CPU
	EndGlobalSection
	GlobalSection(SolutionProperties) = preSolution
		HideSolutionNode = FALSE
	EndGlobalSection
	GlobalSection(NestedProjects) = preSolution
		{9DAAD6FB-0E8C-4D6B-AF88-0B0C91E2F867} = {2D309BE8-0A34-47A9-B007-D4563098BC14}
		{6B037E71-EE38-4BF6-9B26-E47765241329} = {01366835-0B3A-428F-91B4-62A18637263E}
		{AFD147B7-5188-4AD4-93E5-BED49CB1766B} = {01366835-0B3A-428F-91B4-62A18637263E}
		{734499F9-96FE-4E13-B5E7-5B6C2C0E9FF4} = {CF72BED7-3EAB-4535-8312-E67B0BF2512A}
		{F79184C1-BFEB-4D61-AB8F-807B0A400BBD} = {CF72BED7-3EAB-4535-8312-E67B0BF2512A}
		{FA1DB3D9-2F5E-4667-B744-C930C9F08687} = {CF72BED7-3EAB-4535-8312-E67B0BF2512A}
		{E2D900C2-1786-4B82-95FB-456A2E26794E} = {CF72BED7-3EAB-4535-8312-E67B0BF2512A}
		{3BAD063C-151E-47C8-8790-85DF4E738AA6} = {734499F9-96FE-4E13-B5E7-5B6C2C0E9FF4}
		{57C14C80-65B7-4258-BA00-70B079408B56} = {F79184C1-BFEB-4D61-AB8F-807B0A400BBD}
		{59D2B810-4DAD-44AF-BF7A-E35B48599311} = {FA1DB3D9-2F5E-4667-B744-C930C9F08687}
		{0E2C5FF9-E247-435E-80A9-2803435739E8} = {E2D900C2-1786-4B82-95FB-456A2E26794E}
	EndGlobalSection
	GlobalSection(ExtensibilityGlobals) = postSolution
		SolutionGuid = {775FD0A8-35C9-47E9-8156-9E6F0655B24E}
	EndGlobalSection
EndGlobal
